
Microsoft Visual Studio Solution File, Format Version 12.00
# Visual Studio 15
VisualStudioVersion = 15.0.26430.16
MinimumVisualStudioVersion = 10.0.40219.1
Project("{FAE04EC0-301F-11D3-BF4B-00C04F79EFBC}") = "Foodbook.MobileApp.Android", "Foodbook.MobileApp\Foodbook.MobileApp.Android\Foodbook.MobileApp.Android.csproj", "{F468BFBE-D85C-415F-B5D3-69DA95BF9D0C}"
EndProject
Project("{FAE04EC0-301F-11D3-BF4B-00C04F79EFBC}") = "Foodbook.MobileApp", "Foodbook.MobileApp\Foodbook.MobileApp\Foodbook.MobileApp.csproj", "{8DB07537-58D9-4325-98FF-6EDDACA3D55D}"
EndProject
Project("{FAE04EC0-301F-11D3-BF4B-00C04F79EFBC}") = "Foodbook.MobileApp.iOS", "Foodbook.MobileApp\Foodbook.MobileApp.iOS\Foodbook.MobileApp.iOS.csproj", "{468D9699-8639-479F-8D03-907DE0102619}"
EndProject
Project("{FAE04EC0-301F-11D3-BF4B-00C04F79EFBC}") = "Foodbook.MobileApp.UWP", "Foodbook.MobileApp\Foodbook.MobileApp.UWP\Foodbook.MobileApp.UWP.csproj", "{07FC3D6B-2BA9-416F-ACEE-8E145695DBCE}"
EndProject
Global
	GlobalSection(SolutionConfigurationPlatforms) = preSolution
		Ad-Hoc|Any CPU = Ad-Hoc|Any CPU
		Ad-Hoc|ARM = Ad-Hoc|ARM
		Ad-Hoc|iPhone = Ad-Hoc|iPhone
		Ad-Hoc|iPhoneSimulator = Ad-Hoc|iPhoneSimulator
		Ad-Hoc|x64 = Ad-Hoc|x64
		Ad-Hoc|x86 = Ad-Hoc|x86
		AppStore|Any CPU = AppStore|Any CPU
		AppStore|ARM = AppStore|ARM
		AppStore|iPhone = AppStore|iPhone
		AppStore|iPhoneSimulator = AppStore|iPhoneSimulator
		AppStore|x64 = AppStore|x64
		AppStore|x86 = AppStore|x86
		Debug|Any CPU = Debug|Any CPU
		Debug|ARM = Debug|ARM
		Debug|iPhone = Debug|iPhone
		Debug|iPhoneSimulator = Debug|iPhoneSimulator
		Debug|x64 = Debug|x64
		Debug|x86 = Debug|x86
		Release|Any CPU = Release|Any CPU
		Release|ARM = Release|ARM
		Release|iPhone = Release|iPhone
		Release|iPhoneSimulator = Release|iPhoneSimulator
		Release|x64 = Release|x64
		Release|x86 = Release|x86
	EndGlobalSection
	GlobalSection(ProjectConfigurationPlatforms) = postSolution
		{F468BFBE-D85C-415F-B5D3-69DA95BF9D0C}.Ad-Hoc|Any CPU.ActiveCfg = Release|Any CPU
		{F468BFBE-D85C-415F-B5D3-69DA95BF9D0C}.Ad-Hoc|Any CPU.Build.0 = Release|Any CPU
		{F468BFBE-D85C-415F-B5D3-69DA95BF9D0C}.Ad-Hoc|Any CPU.Deploy.0 = Release|Any CPU
		{F468BFBE-D85C-415F-B5D3-69DA95BF9D0C}.Ad-Hoc|ARM.ActiveCfg = Debug|Any CPU
		{F468BFBE-D85C-415F-B5D3-69DA95BF9D0C}.Ad-Hoc|ARM.Build.0 = Debug|Any CPU
		{F468BFBE-D85C-415F-B5D3-69DA95BF9D0C}.Ad-Hoc|ARM.Deploy.0 = Debug|Any CPU
		{F468BFBE-D85C-415F-B5D3-69DA95BF9D0C}.Ad-Hoc|iPhone.ActiveCfg = Release|Any CPU
		{F468BFBE-D85C-415F-B5D3-69DA95BF9D0C}.Ad-Hoc|iPhone.Build.0 = Release|Any CPU
		{F468BFBE-D85C-415F-B5D3-69DA95BF9D0C}.Ad-Hoc|iPhone.Deploy.0 = Release|Any CPU
		{F468BFBE-D85C-415F-B5D3-69DA95BF9D0C}.Ad-Hoc|iPhoneSimulator.ActiveCfg = Release|Any CPU
		{F468BFBE-D85C-415F-B5D3-69DA95BF9D0C}.Ad-Hoc|iPhoneSimulator.Build.0 = Release|Any CPU
		{F468BFBE-D85C-415F-B5D3-69DA95BF9D0C}.Ad-Hoc|iPhoneSimulator.Deploy.0 = Release|Any CPU
		{F468BFBE-D85C-415F-B5D3-69DA95BF9D0C}.Ad-Hoc|x64.ActiveCfg = Debug|Any CPU
		{F468BFBE-D85C-415F-B5D3-69DA95BF9D0C}.Ad-Hoc|x64.Build.0 = Debug|Any CPU
		{F468BFBE-D85C-415F-B5D3-69DA95BF9D0C}.Ad-Hoc|x64.Deploy.0 = Debug|Any CPU
		{F468BFBE-D85C-415F-B5D3-69DA95BF9D0C}.Ad-Hoc|x86.ActiveCfg = Debug|Any CPU
		{F468BFBE-D85C-415F-B5D3-69DA95BF9D0C}.Ad-Hoc|x86.Build.0 = Debug|Any CPU
		{F468BFBE-D85C-415F-B5D3-69DA95BF9D0C}.Ad-Hoc|x86.Deploy.0 = Debug|Any CPU
		{F468BFBE-D85C-415F-B5D3-69DA95BF9D0C}.AppStore|Any CPU.ActiveCfg = Release|Any CPU
		{F468BFBE-D85C-415F-B5D3-69DA95BF9D0C}.AppStore|Any CPU.Build.0 = Release|Any CPU
		{F468BFBE-D85C-415F-B5D3-69DA95BF9D0C}.AppStore|Any CPU.Deploy.0 = Release|Any CPU
		{F468BFBE-D85C-415F-B5D3-69DA95BF9D0C}.AppStore|ARM.ActiveCfg = Debug|Any CPU
		{F468BFBE-D85C-415F-B5D3-69DA95BF9D0C}.AppStore|ARM.Build.0 = Debug|Any CPU
		{F468BFBE-D85C-415F-B5D3-69DA95BF9D0C}.AppStore|ARM.Deploy.0 = Debug|Any CPU
		{F468BFBE-D85C-415F-B5D3-69DA95BF9D0C}.AppStore|iPhone.ActiveCfg = Release|Any CPU
		{F468BFBE-D85C-415F-B5D3-69DA95BF9D0C}.AppStore|iPhone.Build.0 = Release|Any CPU
		{F468BFBE-D85C-415F-B5D3-69DA95BF9D0C}.AppStore|iPhone.Deploy.0 = Release|Any CPU
		{F468BFBE-D85C-415F-B5D3-69DA95BF9D0C}.AppStore|iPhoneSimulator.ActiveCfg = Release|Any CPU
		{F468BFBE-D85C-415F-B5D3-69DA95BF9D0C}.AppStore|iPhoneSimulator.Build.0 = Release|Any CPU
		{F468BFBE-D85C-415F-B5D3-69DA95BF9D0C}.AppStore|iPhoneSimulator.Deploy.0 = Release|Any CPU
		{F468BFBE-D85C-415F-B5D3-69DA95BF9D0C}.AppStore|x64.ActiveCfg = Debug|Any CPU
		{F468BFBE-D85C-415F-B5D3-69DA95BF9D0C}.AppStore|x64.Build.0 = Debug|Any CPU
		{F468BFBE-D85C-415F-B5D3-69DA95BF9D0C}.AppStore|x64.Deploy.0 = Debug|Any CPU
		{F468BFBE-D85C-415F-B5D3-69DA95BF9D0C}.AppStore|x86.ActiveCfg = Debug|Any CPU
		{F468BFBE-D85C-415F-B5D3-69DA95BF9D0C}.AppStore|x86.Build.0 = Debug|Any CPU
		{F468BFBE-D85C-415F-B5D3-69DA95BF9D0C}.AppStore|x86.Deploy.0 = Debug|Any CPU
		{F468BFBE-D85C-415F-B5D3-69DA95BF9D0C}.Debug|Any CPU.ActiveCfg = Debug|Any CPU
		{F468BFBE-D85C-415F-B5D3-69DA95BF9D0C}.Debug|Any CPU.Build.0 = Debug|Any CPU
		{F468BFBE-D85C-415F-B5D3-69DA95BF9D0C}.Debug|Any CPU.Deploy.0 = Debug|Any CPU
		{F468BFBE-D85C-415F-B5D3-69DA95BF9D0C}.Debug|ARM.ActiveCfg = Debug|Any CPU
		{F468BFBE-D85C-415F-B5D3-69DA95BF9D0C}.Debug|ARM.Build.0 = Debug|Any CPU
		{F468BFBE-D85C-415F-B5D3-69DA95BF9D0C}.Debug|ARM.Deploy.0 = Debug|Any CPU
		{F468BFBE-D85C-415F-B5D3-69DA95BF9D0C}.Debug|iPhone.ActiveCfg = Debug|Any CPU
		{F468BFBE-D85C-415F-B5D3-69DA95BF9D0C}.Debug|iPhone.Build.0 = Debug|Any CPU
		{F468BFBE-D85C-415F-B5D3-69DA95BF9D0C}.Debug|iPhone.Deploy.0 = Debug|Any CPU
		{F468BFBE-D85C-415F-B5D3-69DA95BF9D0C}.Debug|iPhoneSimulator.ActiveCfg = Debug|Any CPU
		{F468BFBE-D85C-415F-B5D3-69DA95BF9D0C}.Debug|iPhoneSimulator.Build.0 = Debug|Any CPU
		{F468BFBE-D85C-415F-B5D3-69DA95BF9D0C}.Debug|iPhoneSimulator.Deploy.0 = Debug|Any CPU
		{F468BFBE-D85C-415F-B5D3-69DA95BF9D0C}.Debug|x64.ActiveCfg = Debug|Any CPU
		{F468BFBE-D85C-415F-B5D3-69DA95BF9D0C}.Debug|x64.Build.0 = Debug|Any CPU
		{F468BFBE-D85C-415F-B5D3-69DA95BF9D0C}.Debug|x64.Deploy.0 = Debug|Any CPU
		{F468BFBE-D85C-415F-B5D3-69DA95BF9D0C}.Debug|x86.ActiveCfg = Debug|Any CPU
		{F468BFBE-D85C-415F-B5D3-69DA95BF9D0C}.Debug|x86.Build.0 = Debug|Any CPU
		{F468BFBE-D85C-415F-B5D3-69DA95BF9D0C}.Debug|x86.Deploy.0 = Debug|Any CPU
		{F468BFBE-D85C-415F-B5D3-69DA95BF9D0C}.Release|Any CPU.ActiveCfg = Release|Any CPU
		{F468BFBE-D85C-415F-B5D3-69DA95BF9D0C}.Release|Any CPU.Build.0 = Release|Any CPU
		{F468BFBE-D85C-415F-B5D3-69DA95BF9D0C}.Release|Any CPU.Deploy.0 = Release|Any CPU
		{F468BFBE-D85C-415F-B5D3-69DA95BF9D0C}.Release|ARM.ActiveCfg = Release|Any CPU
		{F468BFBE-D85C-415F-B5D3-69DA95BF9D0C}.Release|ARM.Build.0 = Release|Any CPU
		{F468BFBE-D85C-415F-B5D3-69DA95BF9D0C}.Release|ARM.Deploy.0 = Release|Any CPU
		{F468BFBE-D85C-415F-B5D3-69DA95BF9D0C}.Release|iPhone.ActiveCfg = Release|Any CPU
		{F468BFBE-D85C-415F-B5D3-69DA95BF9D0C}.Release|iPhone.Build.0 = Release|Any CPU
		{F468BFBE-D85C-415F-B5D3-69DA95BF9D0C}.Release|iPhone.Deploy.0 = Release|Any CPU
		{F468BFBE-D85C-415F-B5D3-69DA95BF9D0C}.Release|iPhoneSimulator.ActiveCfg = Release|Any CPU
		{F468BFBE-D85C-415F-B5D3-69DA95BF9D0C}.Release|iPhoneSimulator.Build.0 = Release|Any CPU
		{F468BFBE-D85C-415F-B5D3-69DA95BF9D0C}.Release|iPhoneSimulator.Deploy.0 = Release|Any CPU
		{F468BFBE-D85C-415F-B5D3-69DA95BF9D0C}.Release|x64.ActiveCfg = Release|Any CPU
		{F468BFBE-D85C-415F-B5D3-69DA95BF9D0C}.Release|x64.Build.0 = Release|Any CPU
		{F468BFBE-D85C-415F-B5D3-69DA95BF9D0C}.Release|x64.Deploy.0 = Release|Any CPU
		{F468BFBE-D85C-415F-B5D3-69DA95BF9D0C}.Release|x86.ActiveCfg = Release|Any CPU
		{F468BFBE-D85C-415F-B5D3-69DA95BF9D0C}.Release|x86.Build.0 = Release|Any CPU
		{F468BFBE-D85C-415F-B5D3-69DA95BF9D0C}.Release|x86.Deploy.0 = Release|Any CPU
		{8DB07537-58D9-4325-98FF-6EDDACA3D55D}.Ad-Hoc|Any CPU.ActiveCfg = Release|Any CPU
		{8DB07537-58D9-4325-98FF-6EDDACA3D55D}.Ad-Hoc|Any CPU.Build.0 = Release|Any CPU
		{8DB07537-58D9-4325-98FF-6EDDACA3D55D}.Ad-Hoc|ARM.ActiveCfg = Debug|Any CPU
		{8DB07537-58D9-4325-98FF-6EDDACA3D55D}.Ad-Hoc|ARM.Build.0 = Debug|Any CPU
		{8DB07537-58D9-4325-98FF-6EDDACA3D55D}.Ad-Hoc|iPhone.ActiveCfg = Release|Any CPU
		{8DB07537-58D9-4325-98FF-6EDDACA3D55D}.Ad-Hoc|iPhone.Build.0 = Release|Any CPU
		{8DB07537-58D9-4325-98FF-6EDDACA3D55D}.Ad-Hoc|iPhoneSimulator.ActiveCfg = Release|Any CPU
		{8DB07537-58D9-4325-98FF-6EDDACA3D55D}.Ad-Hoc|iPhoneSimulator.Build.0 = Release|Any CPU
		{8DB07537-58D9-4325-98FF-6EDDACA3D55D}.Ad-Hoc|x64.ActiveCfg = Debug|Any CPU
		{8DB07537-58D9-4325-98FF-6EDDACA3D55D}.Ad-Hoc|x64.Build.0 = Debug|Any CPU
		{8DB07537-58D9-4325-98FF-6EDDACA3D55D}.Ad-Hoc|x86.ActiveCfg = Debug|Any CPU
		{8DB07537-58D9-4325-98FF-6EDDACA3D55D}.Ad-Hoc|x86.Build.0 = Debug|Any CPU
		{8DB07537-58D9-4325-98FF-6EDDACA3D55D}.AppStore|Any CPU.ActiveCfg = Release|Any CPU
		{8DB07537-58D9-4325-98FF-6EDDACA3D55D}.AppStore|Any CPU.Build.0 = Release|Any CPU
		{8DB07537-58D9-4325-98FF-6EDDACA3D55D}.AppStore|ARM.ActiveCfg = Debug|Any CPU
		{8DB07537-58D9-4325-98FF-6EDDACA3D55D}.AppStore|ARM.Build.0 = Debug|Any CPU
		{8DB07537-58D9-4325-98FF-6EDDACA3D55D}.AppStore|iPhone.ActiveCfg = Release|Any CPU
		{8DB07537-58D9-4325-98FF-6EDDACA3D55D}.AppStore|iPhone.Build.0 = Release|Any CPU
		{8DB07537-58D9-4325-98FF-6EDDACA3D55D}.AppStore|iPhoneSimulator.ActiveCfg = Release|Any CPU
		{8DB07537-58D9-4325-98FF-6EDDACA3D55D}.AppStore|iPhoneSimulator.Build.0 = Release|Any CPU
		{8DB07537-58D9-4325-98FF-6EDDACA3D55D}.AppStore|x64.ActiveCfg = Debug|Any CPU
		{8DB07537-58D9-4325-98FF-6EDDACA3D55D}.AppStore|x64.Build.0 = Debug|Any CPU
		{8DB07537-58D9-4325-98FF-6EDDACA3D55D}.AppStore|x86.ActiveCfg = Debug|Any CPU
		{8DB07537-58D9-4325-98FF-6EDDACA3D55D}.AppStore|x86.Build.0 = Debug|Any CPU
		{8DB07537-58D9-4325-98FF-6EDDACA3D55D}.Debug|Any CPU.ActiveCfg = Debug|Any CPU
		{8DB07537-58D9-4325-98FF-6EDDACA3D55D}.Debug|Any CPU.Build.0 = Debug|Any CPU
		{8DB07537-58D9-4325-98FF-6EDDACA3D55D}.Debug|ARM.ActiveCfg = Debug|Any CPU
		{8DB07537-58D9-4325-98FF-6EDDACA3D55D}.Debug|ARM.Build.0 = Debug|Any CPU
		{8DB07537-58D9-4325-98FF-6EDDACA3D55D}.Debug|iPhone.ActiveCfg = Debug|Any CPU
		{8DB07537-58D9-4325-98FF-6EDDACA3D55D}.Debug|iPhone.Build.0 = Debug|Any CPU
		{8DB07537-58D9-4325-98FF-6EDDACA3D55D}.Debug|iPhoneSimulator.ActiveCfg = Debug|Any CPU
		{8DB07537-58D9-4325-98FF-6EDDACA3D55D}.Debug|iPhoneSimulator.Build.0 = Debug|Any CPU
		{8DB07537-58D9-4325-98FF-6EDDACA3D55D}.Debug|x64.ActiveCfg = Debug|Any CPU
		{8DB07537-58D9-4325-98FF-6EDDACA3D55D}.Debug|x64.Build.0 = Debug|Any CPU
		{8DB07537-58D9-4325-98FF-6EDDACA3D55D}.Debug|x86.ActiveCfg = Debug|Any CPU
		{8DB07537-58D9-4325-98FF-6EDDACA3D55D}.Debug|x86.Build.0 = Debug|Any CPU
		{8DB07537-58D9-4325-98FF-6EDDACA3D55D}.Release|Any CPU.ActiveCfg = Release|Any CPU
		{8DB07537-58D9-4325-98FF-6EDDACA3D55D}.Release|Any CPU.Build.0 = Release|Any CPU
		{8DB07537-58D9-4325-98FF-6EDDACA3D55D}.Release|ARM.ActiveCfg = Release|Any CPU
		{8DB07537-58D9-4325-98FF-6EDDACA3D55D}.Release|ARM.Build.0 = Release|Any CPU
		{8DB07537-58D9-4325-98FF-6EDDACA3D55D}.Release|iPhone.ActiveCfg = Release|Any CPU
		{8DB07537-58D9-4325-98FF-6EDDACA3D55D}.Release|iPhone.Build.0 = Release|Any CPU
		{8DB07537-58D9-4325-98FF-6EDDACA3D55D}.Release|iPhoneSimulator.ActiveCfg = Release|Any CPU
		{8DB07537-58D9-4325-98FF-6EDDACA3D55D}.Release|iPhoneSimulator.Build.0 = Release|Any CPU
		{8DB07537-58D9-4325-98FF-6EDDACA3D55D}.Release|x64.ActiveCfg = Release|Any CPU
		{8DB07537-58D9-4325-98FF-6EDDACA3D55D}.Release|x64.Build.0 = Release|Any CPU
		{8DB07537-58D9-4325-98FF-6EDDACA3D55D}.Release|x86.ActiveCfg = Release|Any CPU
		{8DB07537-58D9-4325-98FF-6EDDACA3D55D}.Release|x86.Build.0 = Release|Any CPU
		{468D9699-8639-479F-8D03-907DE0102619}.Ad-Hoc|Any CPU.ActiveCfg = Ad-Hoc|iPhone
		{468D9699-8639-479F-8D03-907DE0102619}.Ad-Hoc|ARM.ActiveCfg = Ad-Hoc|iPhoneSimulator
		{468D9699-8639-479F-8D03-907DE0102619}.Ad-Hoc|iPhone.ActiveCfg = Ad-Hoc|iPhone
		{468D9699-8639-479F-8D03-907DE0102619}.Ad-Hoc|iPhone.Build.0 = Ad-Hoc|iPhone
		{468D9699-8639-479F-8D03-907DE0102619}.Ad-Hoc|iPhoneSimulator.ActiveCfg = Ad-Hoc|iPhoneSimulator
		{468D9699-8639-479F-8D03-907DE0102619}.Ad-Hoc|iPhoneSimulator.Build.0 = Ad-Hoc|iPhoneSimulator
		{468D9699-8639-479F-8D03-907DE0102619}.Ad-Hoc|x64.ActiveCfg = Ad-Hoc|iPhoneSimulator
		{468D9699-8639-479F-8D03-907DE0102619}.Ad-Hoc|x86.ActiveCfg = Ad-Hoc|iPhoneSimulator
		{468D9699-8639-479F-8D03-907DE0102619}.AppStore|Any CPU.ActiveCfg = AppStore|iPhone
		{468D9699-8639-479F-8D03-907DE0102619}.AppStore|ARM.ActiveCfg = AppStore|iPhoneSimulator
		{468D9699-8639-479F-8D03-907DE0102619}.AppStore|iPhone.ActiveCfg = AppStore|iPhone
		{468D9699-8639-479F-8D03-907DE0102619}.AppStore|iPhone.Build.0 = AppStore|iPhone
		{468D9699-8639-479F-8D03-907DE0102619}.AppStore|iPhoneSimulator.ActiveCfg = AppStore|iPhoneSimulator
		{468D9699-8639-479F-8D03-907DE0102619}.AppStore|iPhoneSimulator.Build.0 = AppStore|iPhoneSimulator
		{468D9699-8639-479F-8D03-907DE0102619}.AppStore|x64.ActiveCfg = AppStore|iPhoneSimulator
		{468D9699-8639-479F-8D03-907DE0102619}.AppStore|x86.ActiveCfg = AppStore|iPhoneSimulator
		{468D9699-8639-479F-8D03-907DE0102619}.Debug|Any CPU.ActiveCfg = Debug|iPhone
		{468D9699-8639-479F-8D03-907DE0102619}.Debug|ARM.ActiveCfg = Debug|iPhoneSimulator
		{468D9699-8639-479F-8D03-907DE0102619}.Debug|iPhone.ActiveCfg = Debug|iPhone
		{468D9699-8639-479F-8D03-907DE0102619}.Debug|iPhone.Build.0 = Debug|iPhone
		{468D9699-8639-479F-8D03-907DE0102619}.Debug|iPhoneSimulator.ActiveCfg = Debug|iPhoneSimulator
		{468D9699-8639-479F-8D03-907DE0102619}.Debug|iPhoneSimulator.Build.0 = Debug|iPhoneSimulator
		{468D9699-8639-479F-8D03-907DE0102619}.Debug|x64.ActiveCfg = Debug|iPhoneSimulator
		{468D9699-8639-479F-8D03-907DE0102619}.Debug|x86.ActiveCfg = Debug|iPhoneSimulator
		{468D9699-8639-479F-8D03-907DE0102619}.Release|Any CPU.ActiveCfg = Release|iPhone
		{468D9699-8639-479F-8D03-907DE0102619}.Release|ARM.ActiveCfg = Release|iPhoneSimulator
		{468D9699-8639-479F-8D03-907DE0102619}.Release|iPhone.ActiveCfg = Release|iPhone
		{468D9699-8639-479F-8D03-907DE0102619}.Release|iPhone.Build.0 = Release|iPhone
		{468D9699-8639-479F-8D03-907DE0102619}.Release|iPhoneSimulator.ActiveCfg = Release|iPhoneSimulator
		{468D9699-8639-479F-8D03-907DE0102619}.Release|iPhoneSimulator.Build.0 = Release|iPhoneSimulator
		{468D9699-8639-479F-8D03-907DE0102619}.Release|x64.ActiveCfg = Release|iPhoneSimulator
		{468D9699-8639-479F-8D03-907DE0102619}.Release|x86.ActiveCfg = Release|iPhoneSimulator
		{07FC3D6B-2BA9-416F-ACEE-8E145695DBCE}.Ad-Hoc|Any CPU.ActiveCfg = Release|x86
		{07FC3D6B-2BA9-416F-ACEE-8E145695DBCE}.Ad-Hoc|Any CPU.Build.0 = Release|x86
		{07FC3D6B-2BA9-416F-ACEE-8E145695DBCE}.Ad-Hoc|Any CPU.Deploy.0 = Release|x86
		{07FC3D6B-2BA9-416F-ACEE-8E145695DBCE}.Ad-Hoc|ARM.ActiveCfg = Release|ARM
		{07FC3D6B-2BA9-416F-ACEE-8E145695DBCE}.Ad-Hoc|ARM.Build.0 = Release|ARM
		{07FC3D6B-2BA9-416F-ACEE-8E145695DBCE}.Ad-Hoc|ARM.Deploy.0 = Release|ARM
		{07FC3D6B-2BA9-416F-ACEE-8E145695DBCE}.Ad-Hoc|iPhone.ActiveCfg = Release|x86
		{07FC3D6B-2BA9-416F-ACEE-8E145695DBCE}.Ad-Hoc|iPhone.Build.0 = Release|x86
		{07FC3D6B-2BA9-416F-ACEE-8E145695DBCE}.Ad-Hoc|iPhone.Deploy.0 = Release|x86
		{07FC3D6B-2BA9-416F-ACEE-8E145695DBCE}.Ad-Hoc|iPhoneSimulator.ActiveCfg = Release|x86
		{07FC3D6B-2BA9-416F-ACEE-8E145695DBCE}.Ad-Hoc|iPhoneSimulator.Build.0 = Release|x86
		{07FC3D6B-2BA9-416F-ACEE-8E145695DBCE}.Ad-Hoc|iPhoneSimulator.Deploy.0 = Release|x86
		{07FC3D6B-2BA9-416F-ACEE-8E145695DBCE}.Ad-Hoc|x64.ActiveCfg = Release|x64
		{07FC3D6B-2BA9-416F-ACEE-8E145695DBCE}.Ad-Hoc|x64.Build.0 = Release|x64
		{07FC3D6B-2BA9-416F-ACEE-8E145695DBCE}.Ad-Hoc|x64.Deploy.0 = Release|x64
		{07FC3D6B-2BA9-416F-ACEE-8E145695DBCE}.Ad-Hoc|x86.ActiveCfg = Release|x86
		{07FC3D6B-2BA9-416F-ACEE-8E145695DBCE}.Ad-Hoc|x86.Build.0 = Release|x86
		{07FC3D6B-2BA9-416F-ACEE-8E145695DBCE}.Ad-Hoc|x86.Deploy.0 = Release|x86
		{07FC3D6B-2BA9-416F-ACEE-8E145695DBCE}.AppStore|Any CPU.ActiveCfg = Release|x86
		{07FC3D6B-2BA9-416F-ACEE-8E145695DBCE}.AppStore|Any CPU.Build.0 = Release|x86
		{07FC3D6B-2BA9-416F-ACEE-8E145695DBCE}.AppStore|Any CPU.Deploy.0 = Release|x86
		{07FC3D6B-2BA9-416F-ACEE-8E145695DBCE}.AppStore|ARM.ActiveCfg = Release|ARM
		{07FC3D6B-2BA9-416F-ACEE-8E145695DBCE}.AppStore|ARM.Build.0 = Release|ARM
		{07FC3D6B-2BA9-416F-ACEE-8E145695DBCE}.AppStore|ARM.Deploy.0 = Release|ARM
		{07FC3D6B-2BA9-416F-ACEE-8E145695DBCE}.AppStore|iPhone.ActiveCfg = Release|x86
		{07FC3D6B-2BA9-416F-ACEE-8E145695DBCE}.AppStore|iPhone.Build.0 = Release|x86
		{07FC3D6B-2BA9-416F-ACEE-8E145695DBCE}.AppStore|iPhone.Deploy.0 = Release|x86
		{07FC3D6B-2BA9-416F-ACEE-8E145695DBCE}.AppStore|iPhoneSimulator.ActiveCfg = Release|x86
		{07FC3D6B-2BA9-416F-ACEE-8E145695DBCE}.AppStore|iPhoneSimulator.Build.0 = Release|x86
		{07FC3D6B-2BA9-416F-ACEE-8E145695DBCE}.AppStore|iPhoneSimulator.Deploy.0 = Release|x86
		{07FC3D6B-2BA9-416F-ACEE-8E145695DBCE}.AppStore|x64.ActiveCfg = Release|x64
		{07FC3D6B-2BA9-416F-ACEE-8E145695DBCE}.AppStore|x64.Build.0 = Release|x64
		{07FC3D6B-2BA9-416F-ACEE-8E145695DBCE}.AppStore|x64.Deploy.0 = Release|x64
		{07FC3D6B-2BA9-416F-ACEE-8E145695DBCE}.AppStore|x86.ActiveCfg = Release|x86
		{07FC3D6B-2BA9-416F-ACEE-8E145695DBCE}.AppStore|x86.Build.0 = Release|x86
		{07FC3D6B-2BA9-416F-ACEE-8E145695DBCE}.AppStore|x86.Deploy.0 = Release|x86
		{07FC3D6B-2BA9-416F-ACEE-8E145695DBCE}.Debug|Any CPU.ActiveCfg = Debug|x86
		{07FC3D6B-2BA9-416F-ACEE-8E145695DBCE}.Debug|ARM.ActiveCfg = Debug|ARM
		{07FC3D6B-2BA9-416F-ACEE-8E145695DBCE}.Debug|ARM.Build.0 = Debug|ARM
		{07FC3D6B-2BA9-416F-ACEE-8E145695DBCE}.Debug|ARM.Deploy.0 = Debug|ARM
		{07FC3D6B-2BA9-416F-ACEE-8E145695DBCE}.Debug|iPhone.ActiveCfg = Debug|x86
		{07FC3D6B-2BA9-416F-ACEE-8E145695DBCE}.Debug|iPhoneSimulator.ActiveCfg = Debug|x86
		{07FC3D6B-2BA9-416F-ACEE-8E145695DBCE}.Debug|x64.ActiveCfg = Debug|x64
		{07FC3D6B-2BA9-416F-ACEE-8E145695DBCE}.Debug|x64.Build.0 = Debug|x64
		{07FC3D6B-2BA9-416F-ACEE-8E145695DBCE}.Debug|x64.Deploy.0 = Debug|x64
		{07FC3D6B-2BA9-416F-ACEE-8E145695DBCE}.Debug|x86.ActiveCfg = Debug|x86
		{07FC3D6B-2BA9-416F-ACEE-8E145695DBCE}.Debug|x86.Build.0 = Debug|x86
		{07FC3D6B-2BA9-416F-ACEE-8E145695DBCE}.Debug|x86.Deploy.0 = Debug|x86
		{07FC3D6B-2BA9-416F-ACEE-8E145695DBCE}.Release|Any CPU.ActiveCfg = Release|x86
		{07FC3D6B-2BA9-416F-ACEE-8E145695DBCE}.Release|ARM.ActiveCfg = Release|ARM
		{07FC3D6B-2BA9-416F-ACEE-8E145695DBCE}.Release|ARM.Build.0 = Release|ARM
		{07FC3D6B-2BA9-416F-ACEE-8E145695DBCE}.Release|ARM.Deploy.0 = Release|ARM
		{07FC3D6B-2BA9-416F-ACEE-8E145695DBCE}.Release|iPhone.ActiveCfg = Release|x86
		{07FC3D6B-2BA9-416F-ACEE-8E145695DBCE}.Release|iPhoneSimulator.ActiveCfg = Release|x86
		{07FC3D6B-2BA9-416F-ACEE-8E145695DBCE}.Release|x64.ActiveCfg = Release|x64
		{07FC3D6B-2BA9-416F-ACEE-8E145695DBCE}.Release|x64.Build.0 = Release|x64
		{07FC3D6B-2BA9-416F-ACEE-8E145695DBCE}.Release|x64.Deploy.0 = Release|x64
		{07FC3D6B-2BA9-416F-ACEE-8E145695DBCE}.Release|x86.ActiveCfg = Release|x86
		{07FC3D6B-2BA9-416F-ACEE-8E145695DBCE}.Release|x86.Build.0 = Release|x86
		{07FC3D6B-2BA9-416F-ACEE-8E145695DBCE}.Release|x86.Deploy.0 = Release|x86
	EndGlobalSection
	GlobalSection(SolutionProperties) = preSolution
		HideSolutionNode = FALSE
	EndGlobalSection
EndGlobal
